
Microsoft Visual Studio Solution File, Format Version 12.00
# Visual Studio 15
VisualStudioVersion = 15.0.28010.2036
MinimumVisualStudioVersion = 10.0.40219.1
Project("{8BC9CEB8-8B4A-11D0-8D11-00A0C91BC942}") = "3", "общеезадание1\общеезадание1.vcxproj", "{7823ACB3-8E4E-4A17-9E8F-5DC0A6BB6EC7}"
EndProject
Project("{8BC9CEB8-8B4A-11D0-8D11-00A0C91BC942}") = "1", "1\1.vcxproj", "{9EF1A0C2-DDD1-4FF1-85DF-FF26A3B2FBAD}"
EndProject
Project("{8BC9CEB8-8B4A-11D0-8D11-00A0C91BC942}") = "2", "2\2.vcxproj", "{2F343272-DBD7-4B6E-B6BB-A91DD8EAB4A4}"
EndProject
Global
	GlobalSection(SolutionConfigurationPlatforms) = preSolution
		Debug|x64 = Debug|x64
		Debug|x86 = Debug|x86
		Release|x64 = Release|x64
		Release|x86 = Release|x86
	EndGlobalSection
	GlobalSection(ProjectConfigurationPlatforms) = postSolution
		{7823ACB3-8E4E-4A17-9E8F-5DC0A6BB6EC7}.Debug|x64.ActiveCfg = Debug|x64
		{7823ACB3-8E4E-4A17-9E8F-5DC0A6BB6EC7}.Debug|x64.Build.0 = Debug|x64
		{7823ACB3-8E4E-4A17-9E8F-5DC0A6BB6EC7}.Debug|x86.ActiveCfg = Debug|Win32
		{7823ACB3-8E4E-4A17-9E8F-5DC0A6BB6EC7}.Debug|x86.Build.0 = Debug|Win32
		{7823ACB3-8E4E-4A17-9E8F-5DC0A6BB6EC7}.Release|x64.ActiveCfg = Release|x64
		{7823ACB3-8E4E-4A17-9E8F-5DC0A6BB6EC7}.Release|x64.Build.0 = Release|x64
		{7823ACB3-8E4E-4A17-9E8F-5DC0A6BB6EC7}.Release|x86.ActiveCfg = Release|Win32
		{7823ACB3-8E4E-4A17-9E8F-5DC0A6BB6EC7}.Release|x86.Build.0 = Release|Win32
		{9EF1A0C2-DDD1-4FF1-85DF-FF26A3B2FBAD}.Debug|x64.ActiveCfg = Debug|x64
		{9EF1A0C2-DDD1-4FF1-85DF-FF26A3B2FBAD}.Debug|x64.Build.0 = Debug|x64
		{9EF1A0C2-DDD1-4FF1-85DF-FF26A3B2FBAD}.Debug|x86.ActiveCfg = Debug|Win32
		{9EF1A0C2-DDD1-4FF1-85DF-FF26A3B2FBAD}.Debug|x86.Build.0 = Debug|Win32
		{9EF1A0C2-DDD1-4FF1-85DF-FF26A3B2FBAD}.Release|x64.ActiveCfg = Release|x64
		{9EF1A0C2-DDD1-4FF1-85DF-FF26A3B2FBAD}.Release|x64.Build.0 = Release|x64
		{9EF1A0C2-DDD1-4FF1-85DF-FF26A3B2FBAD}.Release|x86.ActiveCfg = Release|Win32
		{9EF1A0C2-DDD1-4FF1-85DF-FF26A3B2FBAD}.Release|x86.Build.0 = Release|Win32
		{2F343272-DBD7-4B6E-B6BB-A91DD8EAB4A4}.Debug|x64.ActiveCfg = Debug|x64
		{2F343272-DBD7-4B6E-B6BB-A91DD8EAB4A4}.Debug|x64.Build.0 = Debug|x64
		{2F343272-DBD7-4B6E-B6BB-A91DD8EAB4A4}.Debug|x86.ActiveCfg = Debug|Win32
		{2F343272-DBD7-4B6E-B6BB-A91DD8EAB4A4}.Debug|x86.Build.0 = Debug|Win32
		{2F343272-DBD7-4B6E-B6BB-A91DD8EAB4A4}.Release|x64.ActiveCfg = Release|x64
		{2F343272-DBD7-4B6E-B6BB-A91DD8EAB4A4}.Release|x64.Build.0 = Release|x64
		{2F343272-DBD7-4B6E-B6BB-A91DD8EAB4A4}.Release|x86.ActiveCfg = Release|Win32
		{2F343272-DBD7-4B6E-B6BB-A91DD8EAB4A4}.Release|x86.Build.0 = Release|Win32
	EndGlobalSection
	GlobalSection(SolutionProperties) = preSolution
		HideSolutionNode = FALSE
	EndGlobalSection
	GlobalSection(ExtensibilityGlobals) = postSolution
		SolutionGuid = {F6684CC2-E682-436A-9D05-A45997A19D76}
	EndGlobalSection
EndGlobal
