
Microsoft Visual Studio Solution File, Format Version 12.00
# Visual Studio 15
VisualStudioVersion = 15.0.28010.2036
MinimumVisualStudioVersion = 10.0.40219.1
Project("{8BC9CEB8-8B4A-11D0-8D11-00A0C91BC942}") = "поиск вещественных чисел в строке", "поиск вещественных чисел в строке\поиск вещественных чисел в строке.vcxproj", "{7EAC609A-1A22-4662-BFDF-02DD1FE86196}"
EndProject
Global
	GlobalSection(SolutionConfigurationPlatforms) = preSolution
		Debug|x64 = Debug|x64
		Debug|x86 = Debug|x86
		Release|x64 = Release|x64
		Release|x86 = Release|x86
	EndGlobalSection
	GlobalSection(ProjectConfigurationPlatforms) = postSolution
		{7EAC609A-1A22-4662-BFDF-02DD1FE86196}.Debug|x64.ActiveCfg = Debug|x64
		{7EAC609A-1A22-4662-BFDF-02DD1FE86196}.Debug|x64.Build.0 = Debug|x64
		{7EAC609A-1A22-4662-BFDF-02DD1FE86196}.Debug|x86.ActiveCfg = Debug|Win32
		{7EAC609A-1A22-4662-BFDF-02DD1FE86196}.Debug|x86.Build.0 = Debug|Win32
		{7EAC609A-1A22-4662-BFDF-02DD1FE86196}.Release|x64.ActiveCfg = Release|x64
		{7EAC609A-1A22-4662-BFDF-02DD1FE86196}.Release|x64.Build.0 = Release|x64
		{7EAC609A-1A22-4662-BFDF-02DD1FE86196}.Release|x86.ActiveCfg = Release|Win32
		{7EAC609A-1A22-4662-BFDF-02DD1FE86196}.Release|x86.Build.0 = Release|Win32
	EndGlobalSection
	GlobalSection(SolutionProperties) = preSolution
		HideSolutionNode = FALSE
	EndGlobalSection
	GlobalSection(ExtensibilityGlobals) = postSolution
		SolutionGuid = {1D9331BE-260B-412D-8F86-78FC18BD1D10}
	EndGlobalSection
EndGlobal
