
Microsoft Visual Studio Solution File, Format Version 12.00
# Visual Studio 15
VisualStudioVersion = 15.0.28307.572
MinimumVisualStudioVersion = 10.0.40219.1
Project("{FAE04EC0-301F-11D3-BF4B-00C04F79EFBC}") = "Recoder", "Recoder.csproj", "{960A50EE-E2AF-4EB7-AD5E-3759B8682CC8}"
EndProject
Global
	GlobalSection(SolutionConfigurationPlatforms) = preSolution
		Debug|Any CPU = Debug|Any CPU
		Release|Any CPU = Release|Any CPU
	EndGlobalSection
	GlobalSection(ProjectConfigurationPlatforms) = postSolution
		{960A50EE-E2AF-4EB7-AD5E-3759B8682CC8}.Debug|Any CPU.ActiveCfg = Debug|Any CPU
		{960A50EE-E2AF-4EB7-AD5E-3759B8682CC8}.Debug|Any CPU.Build.0 = Debug|Any CPU
		{960A50EE-E2AF-4EB7-AD5E-3759B8682CC8}.Release|Any CPU.ActiveCfg = Release|Any CPU
		{960A50EE-E2AF-4EB7-AD5E-3759B8682CC8}.Release|Any CPU.Build.0 = Release|Any CPU
	EndGlobalSection
	GlobalSection(SolutionProperties) = preSolution
		HideSolutionNode = FALSE
	EndGlobalSection
	GlobalSection(ExtensibilityGlobals) = postSolution
		SolutionGuid = {4BABD1FF-32F2-4746-A8E5-3CD92BD35B4B}
	EndGlobalSection
EndGlobal
