
Microsoft Visual Studio Solution File, Format Version 12.00
# Visual Studio 15
VisualStudioVersion = 15.0.28010.2036
MinimumVisualStudioVersion = 10.0.40219.1
Project("{FAE04EC0-301F-11D3-BF4B-00C04F79EFBC}") = "lab4", "WindowsFormsApp5\lab4.csproj", "{DE380A54-9DDE-461F-8B54-2F2018C35670}"
EndProject
Global
	GlobalSection(SolutionConfigurationPlatforms) = preSolution
		Debug|Any CPU = Debug|Any CPU
		Release|Any CPU = Release|Any CPU
	EndGlobalSection
	GlobalSection(ProjectConfigurationPlatforms) = postSolution
		{DE380A54-9DDE-461F-8B54-2F2018C35670}.Debug|Any CPU.ActiveCfg = Debug|Any CPU
		{DE380A54-9DDE-461F-8B54-2F2018C35670}.Debug|Any CPU.Build.0 = Debug|Any CPU
		{DE380A54-9DDE-461F-8B54-2F2018C35670}.Release|Any CPU.ActiveCfg = Release|Any CPU
		{DE380A54-9DDE-461F-8B54-2F2018C35670}.Release|Any CPU.Build.0 = Release|Any CPU
	EndGlobalSection
	GlobalSection(SolutionProperties) = preSolution
		HideSolutionNode = FALSE
	EndGlobalSection
	GlobalSection(ExtensibilityGlobals) = postSolution
		SolutionGuid = {16FD5A08-8197-415C-91CE-21D6327133F6}
	EndGlobalSection
EndGlobal
