
Microsoft Visual Studio Solution File, Format Version 12.00
# Visual Studio 15
VisualStudioVersion = 15.0.28307.572
MinimumVisualStudioVersion = 10.0.40219.1
Project("{FAE04EC0-301F-11D3-BF4B-00C04F79EFBC}") = "Lab14.1-EP", "Lab14.1-EP\Lab14.1-EP.csproj", "{93B9C0F8-BF32-4462-A444-ECDB2913916B}"
EndProject
Global
	GlobalSection(SolutionConfigurationPlatforms) = preSolution
		Debug|Any CPU = Debug|Any CPU
		Release|Any CPU = Release|Any CPU
	EndGlobalSection
	GlobalSection(ProjectConfigurationPlatforms) = postSolution
		{93B9C0F8-BF32-4462-A444-ECDB2913916B}.Debug|Any CPU.ActiveCfg = Debug|Any CPU
		{93B9C0F8-BF32-4462-A444-ECDB2913916B}.Debug|Any CPU.Build.0 = Debug|Any CPU
		{93B9C0F8-BF32-4462-A444-ECDB2913916B}.Release|Any CPU.ActiveCfg = Release|Any CPU
		{93B9C0F8-BF32-4462-A444-ECDB2913916B}.Release|Any CPU.Build.0 = Release|Any CPU
	EndGlobalSection
	GlobalSection(SolutionProperties) = preSolution
		HideSolutionNode = FALSE
	EndGlobalSection
	GlobalSection(ExtensibilityGlobals) = postSolution
		SolutionGuid = {39488A00-CAD8-408B-892E-C207B607E17D}
	EndGlobalSection
EndGlobal
