
Microsoft Visual Studio Solution File, Format Version 12.00
# Visual Studio 15
VisualStudioVersion = 15.0.28307.102
MinimumVisualStudioVersion = 10.0.40219.1
Project("{FAE04EC0-301F-11D3-BF4B-00C04F79EFBC}") = "Lab14_EP", "Lab14_EP\Lab14_EP.csproj", "{5B16729C-7133-4505-B241-8DA7C065BC56}"
EndProject
Global
	GlobalSection(SolutionConfigurationPlatforms) = preSolution
		Debug|Any CPU = Debug|Any CPU
		Release|Any CPU = Release|Any CPU
	EndGlobalSection
	GlobalSection(ProjectConfigurationPlatforms) = postSolution
		{5B16729C-7133-4505-B241-8DA7C065BC56}.Debug|Any CPU.ActiveCfg = Debug|Any CPU
		{5B16729C-7133-4505-B241-8DA7C065BC56}.Debug|Any CPU.Build.0 = Debug|Any CPU
		{5B16729C-7133-4505-B241-8DA7C065BC56}.Release|Any CPU.ActiveCfg = Release|Any CPU
		{5B16729C-7133-4505-B241-8DA7C065BC56}.Release|Any CPU.Build.0 = Release|Any CPU
	EndGlobalSection
	GlobalSection(SolutionProperties) = preSolution
		HideSolutionNode = FALSE
	EndGlobalSection
	GlobalSection(ExtensibilityGlobals) = postSolution
		SolutionGuid = {8AC7E9B2-8629-4B59-8F5F-179941FE8682}
	EndGlobalSection
EndGlobal
