
Microsoft Visual Studio Solution File, Format Version 12.00
# Visual Studio 15
VisualStudioVersion = 15.0.28010.2036
MinimumVisualStudioVersion = 10.0.40219.1
Project("{8BC9CEB8-8B4A-11D0-8D11-00A0C91BC942}") = "asm1", "asm1\asm1.vcxproj", "{60DD4EB6-F704-4EED-9112-6E0EEC7C66B3}"
EndProject
Global
	GlobalSection(SolutionConfigurationPlatforms) = preSolution
		Debug|x64 = Debug|x64
		Debug|x86 = Debug|x86
		Release|x64 = Release|x64
		Release|x86 = Release|x86
	EndGlobalSection
	GlobalSection(ProjectConfigurationPlatforms) = postSolution
		{60DD4EB6-F704-4EED-9112-6E0EEC7C66B3}.Debug|x64.ActiveCfg = Debug|x64
		{60DD4EB6-F704-4EED-9112-6E0EEC7C66B3}.Debug|x64.Build.0 = Debug|x64
		{60DD4EB6-F704-4EED-9112-6E0EEC7C66B3}.Debug|x86.ActiveCfg = Debug|Win32
		{60DD4EB6-F704-4EED-9112-6E0EEC7C66B3}.Debug|x86.Build.0 = Debug|Win32
		{60DD4EB6-F704-4EED-9112-6E0EEC7C66B3}.Release|x64.ActiveCfg = Release|x64
		{60DD4EB6-F704-4EED-9112-6E0EEC7C66B3}.Release|x64.Build.0 = Release|x64
		{60DD4EB6-F704-4EED-9112-6E0EEC7C66B3}.Release|x86.ActiveCfg = Release|Win32
		{60DD4EB6-F704-4EED-9112-6E0EEC7C66B3}.Release|x86.Build.0 = Release|Win32
	EndGlobalSection
	GlobalSection(SolutionProperties) = preSolution
		HideSolutionNode = FALSE
	EndGlobalSection
	GlobalSection(ExtensibilityGlobals) = postSolution
		SolutionGuid = {937BE819-344B-4F8E-8E0A-EA2B2B50231E}
	EndGlobalSection
EndGlobal
